
Microsoft Visual Studio Solution File, Format Version 11.00
# Visual Studio 2010
Project("{FAE04EC0-301F-11D3-BF4B-00C04F79EFBC}") = "TPControl", "TPControl\TPControl.csproj", "{C41850FB-5515-4872-9171-C6FEF58EA03A}"
EndProject
Global
	GlobalSection(SolutionConfigurationPlatforms) = preSolution
		Debug|x86 = Debug|x86
		Release|x86 = Release|x86
	EndGlobalSection
	GlobalSection(ProjectConfigurationPlatforms) = postSolution
		{C41850FB-5515-4872-9171-C6FEF58EA03A}.Debug|x86.ActiveCfg = Debug|x86
		{C41850FB-5515-4872-9171-C6FEF58EA03A}.Debug|x86.Build.0 = Debug|x86
		{C41850FB-5515-4872-9171-C6FEF58EA03A}.Release|x86.ActiveCfg = Release|x86
		{C41850FB-5515-4872-9171-C6FEF58EA03A}.Release|x86.Build.0 = Release|x86
	EndGlobalSection
	GlobalSection(SolutionProperties) = preSolution
		HideSolutionNode = FALSE
	EndGlobalSection
EndGlobal
